
Microsoft Visual Studio Solution File, Format Version 12.00
# Visual Studio 15
VisualStudioVersion = 15.0.28307.705
MinimumVisualStudioVersion = 10.0.40219.1
Project("{FAE04EC0-301F-11D3-BF4B-00C04F79EFBC}") = "ProyectoDeTitulo", "ProyectoDeTitulo\ProyectoDeTitulo.csproj", "{860CE6AD-8900-47A5-BB3C-4ACAE6266FBE}"
EndProject
Global
	GlobalSection(SolutionConfigurationPlatforms) = preSolution
		Debug|Any CPU = Debug|Any CPU
		Release|Any CPU = Release|Any CPU
	EndGlobalSection
	GlobalSection(ProjectConfigurationPlatforms) = postSolution
		{860CE6AD-8900-47A5-BB3C-4ACAE6266FBE}.Debug|Any CPU.ActiveCfg = Debug|Any CPU
		{860CE6AD-8900-47A5-BB3C-4ACAE6266FBE}.Debug|Any CPU.Build.0 = Debug|Any CPU
		{860CE6AD-8900-47A5-BB3C-4ACAE6266FBE}.Release|Any CPU.ActiveCfg = Release|Any CPU
		{860CE6AD-8900-47A5-BB3C-4ACAE6266FBE}.Release|Any CPU.Build.0 = Release|Any CPU
	EndGlobalSection
	GlobalSection(SolutionProperties) = preSolution
		HideSolutionNode = FALSE
	EndGlobalSection
	GlobalSection(ExtensibilityGlobals) = postSolution
		SolutionGuid = {3C19A0F9-0C00-4260-8066-1FB70F1D9EF9}
	EndGlobalSection
EndGlobal
